
Microsoft Visual Studio Solution File, Format Version 12.00
# Visual Studio Version 16
VisualStudioVersion = 16.0.31205.134
MinimumVisualStudioVersion = 10.0.40219.1
Project("{FAE04EC0-301F-11D3-BF4B-00C04F79EFBC}") = "ConsoleCrudOperations", "ConsoleCrudOperations\ConsoleCrudOperations.csproj", "{7280196D-5FB1-4DA5-AAD2-D2CCF5116248}"
EndProject
Global
	GlobalSection(SolutionConfigurationPlatforms) = preSolution
		Debug|Any CPU = Debug|Any CPU
		Release|Any CPU = Release|Any CPU
	EndGlobalSection
	GlobalSection(ProjectConfigurationPlatforms) = postSolution
		{7280196D-5FB1-4DA5-AAD2-D2CCF5116248}.Debug|Any CPU.ActiveCfg = Debug|Any CPU
		{7280196D-5FB1-4DA5-AAD2-D2CCF5116248}.Debug|Any CPU.Build.0 = Debug|Any CPU
		{7280196D-5FB1-4DA5-AAD2-D2CCF5116248}.Release|Any CPU.ActiveCfg = Release|Any CPU
		{7280196D-5FB1-4DA5-AAD2-D2CCF5116248}.Release|Any CPU.Build.0 = Release|Any CPU
	EndGlobalSection
	GlobalSection(SolutionProperties) = preSolution
		HideSolutionNode = FALSE
	EndGlobalSection
	GlobalSection(ExtensibilityGlobals) = postSolution
		SolutionGuid = {3902A6DC-FE5E-43E9-8898-9E721C433D00}
	EndGlobalSection
EndGlobal
